
Microsoft Visual Studio Solution File, Format Version 12.00
# Visual Studio Version 16
VisualStudioVersion = 16.0.32106.194
MinimumVisualStudioVersion = 10.0.40219.1
Project("{9A19103F-16F7-4668-BE54-9A1E7A4F7556}") = "Windows Template", "Windows Template.csproj", "{DEBA8B64-AD06-41F6-972C-7C7D7A0D7054}"
EndProject
Project("{9A19103F-16F7-4668-BE54-9A1E7A4F7556}") = "Windows Template.Core", "..\Windows Template.Core\Windows Template.Core.csproj", "{B8EB7968-4650-4909-88E6-E8D9FC780B34}"
EndProject
Global
	GlobalSection(SolutionConfigurationPlatforms) = preSolution
		Debug|Any CPU = Debug|Any CPU
		Release|Any CPU = Release|Any CPU
	EndGlobalSection
	GlobalSection(ProjectConfigurationPlatforms) = postSolution
		{DEBA8B64-AD06-41F6-972C-7C7D7A0D7054}.Debug|Any CPU.ActiveCfg = Debug|Any CPU
		{DEBA8B64-AD06-41F6-972C-7C7D7A0D7054}.Debug|Any CPU.Build.0 = Debug|Any CPU
		{DEBA8B64-AD06-41F6-972C-7C7D7A0D7054}.Release|Any CPU.ActiveCfg = Release|Any CPU
		{DEBA8B64-AD06-41F6-972C-7C7D7A0D7054}.Release|Any CPU.Build.0 = Release|Any CPU
		{B8EB7968-4650-4909-88E6-E8D9FC780B34}.Debug|Any CPU.ActiveCfg = Debug|Any CPU
		{B8EB7968-4650-4909-88E6-E8D9FC780B34}.Debug|Any CPU.Build.0 = Debug|Any CPU
		{B8EB7968-4650-4909-88E6-E8D9FC780B34}.Release|Any CPU.ActiveCfg = Release|Any CPU
		{B8EB7968-4650-4909-88E6-E8D9FC780B34}.Release|Any CPU.Build.0 = Release|Any CPU
	EndGlobalSection
	GlobalSection(SolutionProperties) = preSolution
		HideSolutionNode = FALSE
	EndGlobalSection
	GlobalSection(ExtensibilityGlobals) = postSolution
		SolutionGuid = {36F1A60C-293A-4772-B995-2CDF424B54F2}
	EndGlobalSection
EndGlobal
